
Microsoft Visual Studio Solution File, Format Version 12.00
# Visual Studio Version 16
VisualStudioVersion = 16.0.29519.181
MinimumVisualStudioVersion = 10.0.40219.1
Project("{FAE04EC0-301F-11D3-BF4B-00C04F79EFBC}") = "petsImproved", "petsImproved\petsImproved.csproj", "{0750DC15-5741-4800-9145-DF79B03157BB}"
EndProject
Global
	GlobalSection(SolutionConfigurationPlatforms) = preSolution
		Debug|Any CPU = Debug|Any CPU
		Release|Any CPU = Release|Any CPU
	EndGlobalSection
	GlobalSection(ProjectConfigurationPlatforms) = postSolution
		{0750DC15-5741-4800-9145-DF79B03157BB}.Debug|Any CPU.ActiveCfg = Debug|Any CPU
		{0750DC15-5741-4800-9145-DF79B03157BB}.Debug|Any CPU.Build.0 = Debug|Any CPU
		{0750DC15-5741-4800-9145-DF79B03157BB}.Release|Any CPU.ActiveCfg = Release|Any CPU
		{0750DC15-5741-4800-9145-DF79B03157BB}.Release|Any CPU.Build.0 = Release|Any CPU
	EndGlobalSection
	GlobalSection(SolutionProperties) = preSolution
		HideSolutionNode = FALSE
	EndGlobalSection
	GlobalSection(ExtensibilityGlobals) = postSolution
		SolutionGuid = {B1C7E3AC-1D4A-41F0-8D10-5C0ADC5B5DE0}
	EndGlobalSection
EndGlobal
